
Microsoft Visual Studio Solution File, Format Version 12.00
# Visual Studio 15
VisualStudioVersion = 15.0.28307.271
MinimumVisualStudioVersion = 10.0.40219.1
Project("{FAE04EC0-301F-11D3-BF4B-00C04F79EFBC}") = "Proyecto_1", "Proyecto_1\Proyecto_1.csproj", "{9BF85D47-6F1A-493D-8054-8970A0CE28A9}"
EndProject
Project("{9A19103F-16F7-4668-BE54-9A1E7A4F7556}") = "LibreriaFundanet", "LibreriaSemicrol\LibreriaFundanet.csproj", "{044D0FD4-53D6-44DC-A7DA-C666C27014AE}"
EndProject
Project("{FAE04EC0-301F-11D3-BF4B-00C04F79EFBC}") = "ConexionSQL_1", "ConexionSQL_1\ConexionSQL_1.csproj", "{6806F362-417A-4D46-A748-36761E64D20E}"
EndProject
Project("{9A19103F-16F7-4668-BE54-9A1E7A4F7556}") = "Dominio", "Dominio\Dominio.csproj", "{3477E964-AB85-474D-9E26-4BBAB604FDFC}"
EndProject
Project("{FAE04EC0-301F-11D3-BF4B-00C04F79EFBC}") = "Persistencia", "Persistencia\Persistencia.csproj", "{51692579-D80B-4A02-A7BE-C07BE12BF0FA}"
EndProject
Project("{FAE04EC0-301F-11D3-BF4B-00C04F79EFBC}") = "LibreriaADO", "LibreriaADO\LibreriaADO.csproj", "{9483B4BD-70C8-487B-8EFA-434A47433EC0}"
EndProject
Project("{FAE04EC0-301F-11D3-BF4B-00C04F79EFBC}") = "Examen140820", "Examen140820\Examen140820.csproj", "{8DBC841C-2368-4AA9-A452-8EBFD0FA86D4}"
EndProject
Project("{FAE04EC0-301F-11D3-BF4B-00C04F79EFBC}") = "Prueba", "Prueba\Prueba.csproj", "{692681BA-5389-425E-A102-4A48C9ADFDF4}"
EndProject
Project("{FAE04EC0-301F-11D3-BF4B-00C04F79EFBC}") = "IServicio", "IServicio\IServicio.csproj", "{7B63E46D-E839-42DA-8315-29C0357B6861}"
EndProject
Project("{FAE04EC0-301F-11D3-BF4B-00C04F79EFBC}") = "Transaccion", "Transaccion\Transaccion.csproj", "{9026D26F-B4A7-42C6-AFD7-085E48D2D397}"
EndProject
Project("{FAE04EC0-301F-11D3-BF4B-00C04F79EFBC}") = "Formulario1", "Formulario1\Formulario1.csproj", "{8FB8D811-CB8A-4D72-B8D7-3B6FC37663D4}"
EndProject
Project("{FAE04EC0-301F-11D3-BF4B-00C04F79EFBC}") = "FormBindingFacturas", "FormBindingFacaturas\FormBindingFacturas.csproj", "{45B31429-F1A2-46F6-9EA4-3E3E79B63897}"
EndProject
Project("{FAE04EC0-301F-11D3-BF4B-00C04F79EFBC}") = "ConsolaXML", "ConsolaXML\ConsolaXML.csproj", "{3204742F-BE70-468E-9305-917ADE43BAFD}"
EndProject
Project("{FAE04EC0-301F-11D3-BF4B-00C04F79EFBC}") = "WebApplication1", "WebApplication1\WebApplication1.csproj", "{1DDAF834-CD59-49DD-AB15-848CA2741167}"
EndProject
Project("{FAE04EC0-301F-11D3-BF4B-00C04F79EFBC}") = "EjemploAPI", "EjemploAPI\EjemploAPI.csproj", "{457F731D-2197-4EF6-9B52-75A19EBD3AF7}"
EndProject
Global
	GlobalSection(SolutionConfigurationPlatforms) = preSolution
		Debug|Any CPU = Debug|Any CPU
		Release|Any CPU = Release|Any CPU
	EndGlobalSection
	GlobalSection(ProjectConfigurationPlatforms) = postSolution
		{9BF85D47-6F1A-493D-8054-8970A0CE28A9}.Debug|Any CPU.ActiveCfg = Debug|Any CPU
		{9BF85D47-6F1A-493D-8054-8970A0CE28A9}.Debug|Any CPU.Build.0 = Debug|Any CPU
		{9BF85D47-6F1A-493D-8054-8970A0CE28A9}.Release|Any CPU.ActiveCfg = Release|Any CPU
		{9BF85D47-6F1A-493D-8054-8970A0CE28A9}.Release|Any CPU.Build.0 = Release|Any CPU
		{044D0FD4-53D6-44DC-A7DA-C666C27014AE}.Debug|Any CPU.ActiveCfg = Debug|Any CPU
		{044D0FD4-53D6-44DC-A7DA-C666C27014AE}.Debug|Any CPU.Build.0 = Debug|Any CPU
		{044D0FD4-53D6-44DC-A7DA-C666C27014AE}.Release|Any CPU.ActiveCfg = Release|Any CPU
		{044D0FD4-53D6-44DC-A7DA-C666C27014AE}.Release|Any CPU.Build.0 = Release|Any CPU
		{6806F362-417A-4D46-A748-36761E64D20E}.Debug|Any CPU.ActiveCfg = Debug|Any CPU
		{6806F362-417A-4D46-A748-36761E64D20E}.Debug|Any CPU.Build.0 = Debug|Any CPU
		{6806F362-417A-4D46-A748-36761E64D20E}.Release|Any CPU.ActiveCfg = Release|Any CPU
		{6806F362-417A-4D46-A748-36761E64D20E}.Release|Any CPU.Build.0 = Release|Any CPU
		{3477E964-AB85-474D-9E26-4BBAB604FDFC}.Debug|Any CPU.ActiveCfg = Debug|Any CPU
		{3477E964-AB85-474D-9E26-4BBAB604FDFC}.Debug|Any CPU.Build.0 = Debug|Any CPU
		{3477E964-AB85-474D-9E26-4BBAB604FDFC}.Release|Any CPU.ActiveCfg = Release|Any CPU
		{3477E964-AB85-474D-9E26-4BBAB604FDFC}.Release|Any CPU.Build.0 = Release|Any CPU
		{51692579-D80B-4A02-A7BE-C07BE12BF0FA}.Debug|Any CPU.ActiveCfg = Debug|Any CPU
		{51692579-D80B-4A02-A7BE-C07BE12BF0FA}.Debug|Any CPU.Build.0 = Debug|Any CPU
		{51692579-D80B-4A02-A7BE-C07BE12BF0FA}.Release|Any CPU.ActiveCfg = Release|Any CPU
		{51692579-D80B-4A02-A7BE-C07BE12BF0FA}.Release|Any CPU.Build.0 = Release|Any CPU
		{9483B4BD-70C8-487B-8EFA-434A47433EC0}.Debug|Any CPU.ActiveCfg = Debug|Any CPU
		{9483B4BD-70C8-487B-8EFA-434A47433EC0}.Debug|Any CPU.Build.0 = Debug|Any CPU
		{9483B4BD-70C8-487B-8EFA-434A47433EC0}.Release|Any CPU.ActiveCfg = Release|Any CPU
		{9483B4BD-70C8-487B-8EFA-434A47433EC0}.Release|Any CPU.Build.0 = Release|Any CPU
		{8DBC841C-2368-4AA9-A452-8EBFD0FA86D4}.Debug|Any CPU.ActiveCfg = Debug|Any CPU
		{8DBC841C-2368-4AA9-A452-8EBFD0FA86D4}.Debug|Any CPU.Build.0 = Debug|Any CPU
		{8DBC841C-2368-4AA9-A452-8EBFD0FA86D4}.Release|Any CPU.ActiveCfg = Release|Any CPU
		{8DBC841C-2368-4AA9-A452-8EBFD0FA86D4}.Release|Any CPU.Build.0 = Release|Any CPU
		{692681BA-5389-425E-A102-4A48C9ADFDF4}.Debug|Any CPU.ActiveCfg = Debug|Any CPU
		{692681BA-5389-425E-A102-4A48C9ADFDF4}.Debug|Any CPU.Build.0 = Debug|Any CPU
		{692681BA-5389-425E-A102-4A48C9ADFDF4}.Release|Any CPU.ActiveCfg = Release|Any CPU
		{692681BA-5389-425E-A102-4A48C9ADFDF4}.Release|Any CPU.Build.0 = Release|Any CPU
		{7B63E46D-E839-42DA-8315-29C0357B6861}.Debug|Any CPU.ActiveCfg = Debug|Any CPU
		{7B63E46D-E839-42DA-8315-29C0357B6861}.Debug|Any CPU.Build.0 = Debug|Any CPU
		{7B63E46D-E839-42DA-8315-29C0357B6861}.Release|Any CPU.ActiveCfg = Release|Any CPU
		{7B63E46D-E839-42DA-8315-29C0357B6861}.Release|Any CPU.Build.0 = Release|Any CPU
		{9026D26F-B4A7-42C6-AFD7-085E48D2D397}.Debug|Any CPU.ActiveCfg = Debug|Any CPU
		{9026D26F-B4A7-42C6-AFD7-085E48D2D397}.Debug|Any CPU.Build.0 = Debug|Any CPU
		{9026D26F-B4A7-42C6-AFD7-085E48D2D397}.Release|Any CPU.ActiveCfg = Release|Any CPU
		{9026D26F-B4A7-42C6-AFD7-085E48D2D397}.Release|Any CPU.Build.0 = Release|Any CPU
		{8FB8D811-CB8A-4D72-B8D7-3B6FC37663D4}.Debug|Any CPU.ActiveCfg = Debug|Any CPU
		{8FB8D811-CB8A-4D72-B8D7-3B6FC37663D4}.Debug|Any CPU.Build.0 = Debug|Any CPU
		{8FB8D811-CB8A-4D72-B8D7-3B6FC37663D4}.Release|Any CPU.ActiveCfg = Release|Any CPU
		{8FB8D811-CB8A-4D72-B8D7-3B6FC37663D4}.Release|Any CPU.Build.0 = Release|Any CPU
		{45B31429-F1A2-46F6-9EA4-3E3E79B63897}.Debug|Any CPU.ActiveCfg = Debug|Any CPU
		{45B31429-F1A2-46F6-9EA4-3E3E79B63897}.Debug|Any CPU.Build.0 = Debug|Any CPU
		{45B31429-F1A2-46F6-9EA4-3E3E79B63897}.Release|Any CPU.ActiveCfg = Release|Any CPU
		{45B31429-F1A2-46F6-9EA4-3E3E79B63897}.Release|Any CPU.Build.0 = Release|Any CPU
		{3204742F-BE70-468E-9305-917ADE43BAFD}.Debug|Any CPU.ActiveCfg = Debug|Any CPU
		{3204742F-BE70-468E-9305-917ADE43BAFD}.Debug|Any CPU.Build.0 = Debug|Any CPU
		{3204742F-BE70-468E-9305-917ADE43BAFD}.Release|Any CPU.ActiveCfg = Release|Any CPU
		{3204742F-BE70-468E-9305-917ADE43BAFD}.Release|Any CPU.Build.0 = Release|Any CPU
		{1DDAF834-CD59-49DD-AB15-848CA2741167}.Debug|Any CPU.ActiveCfg = Debug|Any CPU
		{1DDAF834-CD59-49DD-AB15-848CA2741167}.Debug|Any CPU.Build.0 = Debug|Any CPU
		{1DDAF834-CD59-49DD-AB15-848CA2741167}.Release|Any CPU.ActiveCfg = Release|Any CPU
		{1DDAF834-CD59-49DD-AB15-848CA2741167}.Release|Any CPU.Build.0 = Release|Any CPU
		{457F731D-2197-4EF6-9B52-75A19EBD3AF7}.Debug|Any CPU.ActiveCfg = Debug|Any CPU
		{457F731D-2197-4EF6-9B52-75A19EBD3AF7}.Debug|Any CPU.Build.0 = Debug|Any CPU
		{457F731D-2197-4EF6-9B52-75A19EBD3AF7}.Release|Any CPU.ActiveCfg = Release|Any CPU
		{457F731D-2197-4EF6-9B52-75A19EBD3AF7}.Release|Any CPU.Build.0 = Release|Any CPU
	EndGlobalSection
	GlobalSection(SolutionProperties) = preSolution
		HideSolutionNode = FALSE
	EndGlobalSection
	GlobalSection(ExtensibilityGlobals) = postSolution
		SolutionGuid = {F1F1EC8B-2CB9-4860-9486-9EC8CBED09A4}
	EndGlobalSection
EndGlobal
